
Microsoft Visual Studio Solution File, Format Version 12.00
# Visual Studio Version 17
VisualStudioVersion = 17.5.33516.290
MinimumVisualStudioVersion = 10.0.40219.1
Project("{9A19103F-16F7-4668-BE54-9A1E7A4F7556}") = "DataLayer", "DataLayer\DataLayer.csproj", "{1B037A5B-423A-44BF-B984-A1288BF617C8}"
EndProject
Project("{9A19103F-16F7-4668-BE54-9A1E7A4F7556}") = "ServiceLayer", "ServiceLayer\ServiceLayer.csproj", "{02148765-6CEE-4864-8FC6-E7E33612CBCD}"
EndProject
Project("{9A19103F-16F7-4668-BE54-9A1E7A4F7556}") = "TestEshop", "TestEshop\TestEshop.csproj", "{A783F32F-B855-4C64-998C-79532EF6FEE4}"
EndProject
Project("{9A19103F-16F7-4668-BE54-9A1E7A4F7556}") = "WebLayer", "WebLayer\WebLayer.csproj", "{B5967BA3-C0D2-40D8-9BD9-5006A86B3746}"
EndProject
Project("{FAE04EC0-301F-11D3-BF4B-00C04F79EFBC}") = "WebApi", "WebApi\WebApi.csproj", "{B54E7C16-E3B3-49ED-839F-FD0BF8FF1038}"
EndProject
Global
	GlobalSection(SolutionConfigurationPlatforms) = preSolution
		Debug|Any CPU = Debug|Any CPU
		Release|Any CPU = Release|Any CPU
	EndGlobalSection
	GlobalSection(ProjectConfigurationPlatforms) = postSolution
		{1B037A5B-423A-44BF-B984-A1288BF617C8}.Debug|Any CPU.ActiveCfg = Debug|Any CPU
		{1B037A5B-423A-44BF-B984-A1288BF617C8}.Debug|Any CPU.Build.0 = Debug|Any CPU
		{1B037A5B-423A-44BF-B984-A1288BF617C8}.Release|Any CPU.ActiveCfg = Release|Any CPU
		{1B037A5B-423A-44BF-B984-A1288BF617C8}.Release|Any CPU.Build.0 = Release|Any CPU
		{02148765-6CEE-4864-8FC6-E7E33612CBCD}.Debug|Any CPU.ActiveCfg = Debug|Any CPU
		{02148765-6CEE-4864-8FC6-E7E33612CBCD}.Debug|Any CPU.Build.0 = Debug|Any CPU
		{02148765-6CEE-4864-8FC6-E7E33612CBCD}.Release|Any CPU.ActiveCfg = Release|Any CPU
		{02148765-6CEE-4864-8FC6-E7E33612CBCD}.Release|Any CPU.Build.0 = Release|Any CPU
		{A783F32F-B855-4C64-998C-79532EF6FEE4}.Debug|Any CPU.ActiveCfg = Debug|Any CPU
		{A783F32F-B855-4C64-998C-79532EF6FEE4}.Debug|Any CPU.Build.0 = Debug|Any CPU
		{A783F32F-B855-4C64-998C-79532EF6FEE4}.Release|Any CPU.ActiveCfg = Release|Any CPU
		{A783F32F-B855-4C64-998C-79532EF6FEE4}.Release|Any CPU.Build.0 = Release|Any CPU
		{B5967BA3-C0D2-40D8-9BD9-5006A86B3746}.Debug|Any CPU.ActiveCfg = Debug|Any CPU
		{B5967BA3-C0D2-40D8-9BD9-5006A86B3746}.Debug|Any CPU.Build.0 = Debug|Any CPU
		{B5967BA3-C0D2-40D8-9BD9-5006A86B3746}.Release|Any CPU.ActiveCfg = Release|Any CPU
		{B5967BA3-C0D2-40D8-9BD9-5006A86B3746}.Release|Any CPU.Build.0 = Release|Any CPU
		{B54E7C16-E3B3-49ED-839F-FD0BF8FF1038}.Debug|Any CPU.ActiveCfg = Debug|Any CPU
		{B54E7C16-E3B3-49ED-839F-FD0BF8FF1038}.Debug|Any CPU.Build.0 = Debug|Any CPU
		{B54E7C16-E3B3-49ED-839F-FD0BF8FF1038}.Release|Any CPU.ActiveCfg = Release|Any CPU
		{B54E7C16-E3B3-49ED-839F-FD0BF8FF1038}.Release|Any CPU.Build.0 = Release|Any CPU
	EndGlobalSection
	GlobalSection(SolutionProperties) = preSolution
		HideSolutionNode = FALSE
	EndGlobalSection
	GlobalSection(ExtensibilityGlobals) = postSolution
		SolutionGuid = {0C7D8B3C-9F60-4299-9366-5C2E3305C2F0}
	EndGlobalSection
EndGlobal
